// !$*UTF8*$!
{
	archiveVersion = 1;
	classes = {
	};
	objectVersion = 56;
	objects = {

/* Begin PBXBuildFile section */
		B902058328A0EBF400482C91 /* SDWebImage in Frameworks */ = {isa = PBXBuildFile; productRef = B902058228A0EBF400482C91 /* SDWebImage */; };
		B90BDFA42897BB9700665D17 /* StockDetailsViewController.swift in Sources */ = {isa = PBXBuildFile; fileRef = B90BDFA32897BB9700665D17 /* StockDetailsViewController.swift */; };
		B947A5E62894FEA00052038D /* SearchResponse.swift in Sources */ = {isa = PBXBuildFile; fileRef = B947A5E52894FEA00052038D /* SearchResponse.swift */; };
		B94B7E6A28D70CD000873716 /* StockDetailsHeaderView.swift in Sources */ = {isa = PBXBuildFile; fileRef = B94B7E6928D70CD000873716 /* StockDetailsHeaderView.swift */; };
		B950581F288E6FAE00F30903 /* SearchResultViewController.swift in Sources */ = {isa = PBXBuildFile; fileRef = B950581E288E6FAE00F30903 /* SearchResultViewController.swift */; };
		B952739E28B0C09100AB579D /* StockChartView.swift in Sources */ = {isa = PBXBuildFile; fileRef = B952739D28B0C09100AB579D /* StockChartView.swift */; };
		B9532FF1288D0401006BCC49 /* APICaller.swift in Sources */ = {isa = PBXBuildFile; fileRef = B9532FF0288D0401006BCC49 /* APICaller.swift */; };
		B9532FF3288D3F8B006BCC49 /* PersistenceManager.swift in Sources */ = {isa = PBXBuildFile; fileRef = B9532FF2288D3F8B006BCC49 /* PersistenceManager.swift */; };
		B9532FF5288D9C83006BCC49 /* HapticsManager.swift in Sources */ = {isa = PBXBuildFile; fileRef = B9532FF4288D9C83006BCC49 /* HapticsManager.swift */; };
		B95921BB289155740049CAC9 /* SearchResultTableViewCell.swift in Sources */ = {isa = PBXBuildFile; fileRef = B95921BA289155740049CAC9 /* SearchResultTableViewCell.swift */; };
		B96C34F0289E3D3400E1C2A1 /* NewsStory.swift in Sources */ = {isa = PBXBuildFile; fileRef = B96C34EF289E3D3400E1C2A1 /* NewsStory.swift */; };
		B96C34F2289EA55000E1C2A1 /* Extensions.swift in Sources */ = {isa = PBXBuildFile; fileRef = B96C34F1289EA55000E1C2A1 /* Extensions.swift */; };
		B98685AC289A3CE4007B14C2 /* FloatingPanel in Frameworks */ = {isa = PBXBuildFile; productRef = B98685AB289A3CE4007B14C2 /* FloatingPanel */; };
		B98685AE289A4BAB007B14C2 /* NewsViewController.swift in Sources */ = {isa = PBXBuildFile; fileRef = B98685AD289A4BAB007B14C2 /* NewsViewController.swift */; };
		B987AD4528A668F500F733D5 /* MarketDataResponse.swift in Sources */ = {isa = PBXBuildFile; fileRef = B987AD4428A668F500F733D5 /* MarketDataResponse.swift */; };
		B98BDA2F289C21CD008BB8A4 /* NewsHeaderView.swift in Sources */ = {isa = PBXBuildFile; fileRef = B98BDA2E289C21CD008BB8A4 /* NewsHeaderView.swift */; };
		B993260E2893790D001C8766 /* APIKeys.swift in Sources */ = {isa = PBXBuildFile; fileRef = B993260D2893790D001C8766 /* APIKeys.swift */; };
		B9B7AA8D2889AC92001AB447 /* AppDelegate.swift in Sources */ = {isa = PBXBuildFile; fileRef = B9B7AA8C2889AC92001AB447 /* AppDelegate.swift */; };
		B9B7AA8F2889AC92001AB447 /* SceneDelegate.swift in Sources */ = {isa = PBXBuildFile; fileRef = B9B7AA8E2889AC92001AB447 /* SceneDelegate.swift */; };
		B9B7AA912889AC92001AB447 /* WatchListViewController.swift in Sources */ = {isa = PBXBuildFile; fileRef = B9B7AA902889AC92001AB447 /* WatchListViewController.swift */; };
		B9B7AA942889AC92001AB447 /* Main.storyboard in Resources */ = {isa = PBXBuildFile; fileRef = B9B7AA922889AC92001AB447 /* Main.storyboard */; };
		B9B7AA962889AC93001AB447 /* Assets.xcassets in Resources */ = {isa = PBXBuildFile; fileRef = B9B7AA952889AC93001AB447 /* Assets.xcassets */; };
		B9B7AA992889AC93001AB447 /* LaunchScreen.storyboard in Resources */ = {isa = PBXBuildFile; fileRef = B9B7AA972889AC93001AB447 /* LaunchScreen.storyboard */; };
		B9ED4FE0289F859A006755CD /* NewsStoryTableViewCell.swift in Sources */ = {isa = PBXBuildFile; fileRef = B9ED4FDF289F859A006755CD /* NewsStoryTableViewCell.swift */; };
		B9F34E7328A76FDA00BC6AF8 /* WatchlistTableViewCell.swift in Sources */ = {isa = PBXBuildFile; fileRef = B9F34E7228A76FDA00BC6AF8 /* WatchlistTableViewCell.swift */; };
/* End PBXBuildFile section */

/* Begin PBXFileReference section */
		B90BDFA32897BB9700665D17 /* StockDetailsViewController.swift */ = {isa = PBXFileReference; lastKnownFileType = sourcecode.swift; path = StockDetailsViewController.swift; sourceTree = "<group>"; };
		B947A5E52894FEA00052038D /* SearchResponse.swift */ = {isa = PBXFileReference; lastKnownFileType = sourcecode.swift; path = SearchResponse.swift; sourceTree = "<group>"; };
		B94B7E6928D70CD000873716 /* StockDetailsHeaderView.swift */ = {isa = PBXFileReference; lastKnownFileType = sourcecode.swift; path = StockDetailsHeaderView.swift; sourceTree = "<group>"; };
		B950581E288E6FAE00F30903 /* SearchResultViewController.swift */ = {isa = PBXFileReference; lastKnownFileType = sourcecode.swift; path = SearchResultViewController.swift; sourceTree = "<group>"; };
		B952739D28B0C09100AB579D /* StockChartView.swift */ = {isa = PBXFileReference; lastKnownFileType = sourcecode.swift; path = StockChartView.swift; sourceTree = "<group>"; };
		B9532FF0288D0401006BCC49 /* APICaller.swift */ = {isa = PBXFileReference; lastKnownFileType = sourcecode.swift; path = APICaller.swift; sourceTree = "<group>"; };
		B9532FF2288D3F8B006BCC49 /* PersistenceManager.swift */ = {isa = PBXFileReference; lastKnownFileType = sourcecode.swift; path = PersistenceManager.swift; sourceTree = "<group>"; };
		B9532FF4288D9C83006BCC49 /* HapticsManager.swift */ = {isa = PBXFileReference; lastKnownFileType = sourcecode.swift; path = HapticsManager.swift; sourceTree = "<group>"; };
		B95921BA289155740049CAC9 /* SearchResultTableViewCell.swift */ = {isa = PBXFileReference; lastKnownFileType = sourcecode.swift; path = SearchResultTableViewCell.swift; sourceTree = "<group>"; };
		B96C34EF289E3D3400E1C2A1 /* NewsStory.swift */ = {isa = PBXFileReference; lastKnownFileType = sourcecode.swift; path = NewsStory.swift; sourceTree = "<group>"; };
		B96C34F1289EA55000E1C2A1 /* Extensions.swift */ = {isa = PBXFileReference; lastKnownFileType = sourcecode.swift; path = Extensions.swift; sourceTree = "<group>"; };
		B98685AD289A4BAB007B14C2 /* NewsViewController.swift */ = {isa = PBXFileReference; lastKnownFileType = sourcecode.swift; path = NewsViewController.swift; sourceTree = "<group>"; };
		B987AD4428A668F500F733D5 /* MarketDataResponse.swift */ = {isa = PBXFileReference; lastKnownFileType = sourcecode.swift; path = MarketDataResponse.swift; sourceTree = "<group>"; };
		B98BDA2E289C21CD008BB8A4 /* NewsHeaderView.swift */ = {isa = PBXFileReference; lastKnownFileType = sourcecode.swift; path = NewsHeaderView.swift; sourceTree = "<group>"; };
		B993260D2893790D001C8766 /* APIKeys.swift */ = {isa = PBXFileReference; lastKnownFileType = sourcecode.swift; path = APIKeys.swift; sourceTree = "<group>"; };
		B9B7AA892889AC92001AB447 /* Stocks.app */ = {isa = PBXFileReference; explicitFileType = wrapper.application; includeInIndex = 0; path = Stocks.app; sourceTree = BUILT_PRODUCTS_DIR; };
		B9B7AA8C2889AC92001AB447 /* AppDelegate.swift */ = {isa = PBXFileReference; lastKnownFileType = sourcecode.swift; path = AppDelegate.swift; sourceTree = "<group>"; };
		B9B7AA8E2889AC92001AB447 /* SceneDelegate.swift */ = {isa = PBXFileReference; lastKnownFileType = sourcecode.swift; path = SceneDelegate.swift; sourceTree = "<group>"; };
		B9B7AA902889AC92001AB447 /* WatchListViewController.swift */ = {isa = PBXFileReference; lastKnownFileType = sourcecode.swift; path = WatchListViewController.swift; sourceTree = "<group>"; };
		B9B7AA932889AC92001AB447 /* Base */ = {isa = PBXFileReference; lastKnownFileType = file.storyboard; name = Base; path = Base.lproj/Main.storyboard; sourceTree = "<group>"; };
		B9B7AA952889AC93001AB447 /* Assets.xcassets */ = {isa = PBXFileReference; lastKnownFileType = folder.assetcatalog; path = Assets.xcassets; sourceTree = "<group>"; };
		B9B7AA982889AC93001AB447 /* Base */ = {isa = PBXFileReference; lastKnownFileType = file.storyboard; name = Base; path = Base.lproj/LaunchScreen.storyboard; sourceTree = "<group>"; };
		B9B7AA9A2889AC93001AB447 /* Info.plist */ = {isa = PBXFileReference; lastKnownFileType = text.plist.xml; path = Info.plist; sourceTree = "<group>"; };
		B9ED4FDF289F859A006755CD /* NewsStoryTableViewCell.swift */ = {isa = PBXFileReference; lastKnownFileType = sourcecode.swift; path = NewsStoryTableViewCell.swift; sourceTree = "<group>"; };
		B9F34E7228A76FDA00BC6AF8 /* WatchlistTableViewCell.swift */ = {isa = PBXFileReference; lastKnownFileType = sourcecode.swift; path = WatchlistTableViewCell.swift; sourceTree = "<group>"; };
/* End PBXFileReference section */

/* Begin PBXFrameworksBuildPhase section */
		B9B7AA862889AC92001AB447 /* Frameworks */ = {
			isa = PBXFrameworksBuildPhase;
			buildActionMask = 2147483647;
			files = (
				B902058328A0EBF400482C91 /* SDWebImage in Frameworks */,
				B98685AC289A3CE4007B14C2 /* FloatingPanel in Frameworks */,
			);
			runOnlyForDeploymentPostprocessing = 0;
		};
/* End PBXFrameworksBuildPhase section */

/* Begin PBXGroup section */
		B9532FEF288D03E8006BCC49 /* Managers */ = {
			isa = PBXGroup;
			children = (
				B9532FF0288D0401006BCC49 /* APICaller.swift */,
				B9532FF2288D3F8B006BCC49 /* PersistenceManager.swift */,
				B9532FF4288D9C83006BCC49 /* HapticsManager.swift */,
			);
			path = Managers;
			sourceTree = "<group>";
		};
		B9B7AA802889AC92001AB447 = {
			isa = PBXGroup;
			children = (
				B9B7AA8B2889AC92001AB447 /* Stocks */,
				B9B7AA8A2889AC92001AB447 /* Products */,
			);
			sourceTree = "<group>";
		};
		B9B7AA8A2889AC92001AB447 /* Products */ = {
			isa = PBXGroup;
			children = (
				B9B7AA892889AC92001AB447 /* Stocks.app */,
			);
			name = Products;
			sourceTree = "<group>";
		};
		B9B7AA8B2889AC92001AB447 /* Stocks */ = {
			isa = PBXGroup;
			children = (
				B9532FEF288D03E8006BCC49 /* Managers */,
				B9DC32A9288BB34300C825F2 /* Controllers */,
				B9DC32A6288BB12E00C825F2 /* Models */,
				B9DC32A7288BB13900C825F2 /* Views */,
				B9DC32A8288BB14000C825F2 /* ViewModels */,
				B9DC32AA288BB34E00C825F2 /* Other */,
				B9B7AA9A2889AC93001AB447 /* Info.plist */,
				B993260D2893790D001C8766 /* APIKeys.swift */,
			);
			path = Stocks;
			sourceTree = "<group>";
		};
		B9DC32A6288BB12E00C825F2 /* Models */ = {
			isa = PBXGroup;
			children = (
				B947A5E52894FEA00052038D /* SearchResponse.swift */,
				B96C34EF289E3D3400E1C2A1 /* NewsStory.swift */,
				B987AD4428A668F500F733D5 /* MarketDataResponse.swift */,
			);
			path = Models;
			sourceTree = "<group>";
		};
		B9DC32A7288BB13900C825F2 /* Views */ = {
			isa = PBXGroup;
			children = (
				B95921BA289155740049CAC9 /* SearchResultTableViewCell.swift */,
				B98BDA2E289C21CD008BB8A4 /* NewsHeaderView.swift */,
				B9ED4FDF289F859A006755CD /* NewsStoryTableViewCell.swift */,
				B9F34E7228A76FDA00BC6AF8 /* WatchlistTableViewCell.swift */,
				B952739D28B0C09100AB579D /* StockChartView.swift */,
				B94B7E6928D70CD000873716 /* StockDetailsHeaderView.swift */,
			);
			path = Views;
			sourceTree = "<group>";
		};
		B9DC32A8288BB14000C825F2 /* ViewModels */ = {
			isa = PBXGroup;
			children = (
			);
			path = ViewModels;
			sourceTree = "<group>";
		};
		B9DC32A9288BB34300C825F2 /* Controllers */ = {
			isa = PBXGroup;
			children = (
				B9B7AA902889AC92001AB447 /* WatchListViewController.swift */,
				B950581E288E6FAE00F30903 /* SearchResultViewController.swift */,
				B90BDFA32897BB9700665D17 /* StockDetailsViewController.swift */,
				B98685AD289A4BAB007B14C2 /* NewsViewController.swift */,
			);
			path = Controllers;
			sourceTree = "<group>";
		};
		B9DC32AA288BB34E00C825F2 /* Other */ = {
			isa = PBXGroup;
			children = (
				B9B7AA952889AC93001AB447 /* Assets.xcassets */,
				B9B7AA8C2889AC92001AB447 /* AppDelegate.swift */,
				B9B7AA8E2889AC92001AB447 /* SceneDelegate.swift */,
				B9B7AA922889AC92001AB447 /* Main.storyboard */,
				B9B7AA972889AC93001AB447 /* LaunchScreen.storyboard */,
				B96C34F1289EA55000E1C2A1 /* Extensions.swift */,
			);
			path = Other;
			sourceTree = "<group>";
		};
/* End PBXGroup section */

/* Begin PBXNativeTarget section */
		B9B7AA882889AC92001AB447 /* Stocks */ = {
			isa = PBXNativeTarget;
			buildConfigurationList = B9B7AA9D2889AC93001AB447 /* Build configuration list for PBXNativeTarget "Stocks" */;
			buildPhases = (
				B9B7AA852889AC92001AB447 /* Sources */,
				B9B7AA862889AC92001AB447 /* Frameworks */,
				B9B7AA872889AC92001AB447 /* Resources */,
			);
			buildRules = (
			);
			dependencies = (
			);
			name = Stocks;
			packageProductDependencies = (
				B98685AB289A3CE4007B14C2 /* FloatingPanel */,
				B902058228A0EBF400482C91 /* SDWebImage */,
			);
			productName = Stocks;
			productReference = B9B7AA892889AC92001AB447 /* Stocks.app */;
			productType = "com.apple.product-type.application";
		};
/* End PBXNativeTarget section */

/* Begin PBXProject section */
		B9B7AA812889AC92001AB447 /* Project object */ = {
			isa = PBXProject;
			attributes = {
				BuildIndependentTargetsInParallel = 1;
				LastSwiftUpdateCheck = 1400;
				LastUpgradeCheck = 1400;
				TargetAttributes = {
					B9B7AA882889AC92001AB447 = {
						CreatedOnToolsVersion = 14.0;
					};
				};
			};
			buildConfigurationList = B9B7AA842889AC92001AB447 /* Build configuration list for PBXProject "Stocks" */;
			compatibilityVersion = "Xcode 14.0";
			developmentRegion = en;
			hasScannedForEncodings = 0;
			knownRegions = (
				en,
				Base,
			);
			mainGroup = B9B7AA802889AC92001AB447;
			packageReferences = (
				B98685AA289A3CE3007B14C2 /* XCRemoteSwiftPackageReference "FloatingPanel" */,
				B902058128A0EBF400482C91 /* XCRemoteSwiftPackageReference "SDWebImage" */,
			);
			productRefGroup = B9B7AA8A2889AC92001AB447 /* Products */;
			projectDirPath = "";
			projectRoot = "";
			targets = (
				B9B7AA882889AC92001AB447 /* Stocks */,
			);
		};
/* End PBXProject section */

/* Begin PBXResourcesBuildPhase section */
		B9B7AA872889AC92001AB447 /* Resources */ = {
			isa = PBXResourcesBuildPhase;
			buildActionMask = 2147483647;
			files = (
				B9B7AA992889AC93001AB447 /* LaunchScreen.storyboard in Resources */,
				B9B7AA962889AC93001AB447 /* Assets.xcassets in Resources */,
				B9B7AA942889AC92001AB447 /* Main.storyboard in Resources */,
			);
			runOnlyForDeploymentPostprocessing = 0;
		};
/* End PBXResourcesBuildPhase section */

/* Begin PBXSourcesBuildPhase section */
		B9B7AA852889AC92001AB447 /* Sources */ = {
			isa = PBXSourcesBuildPhase;
			buildActionMask = 2147483647;
			files = (
				B98685AE289A4BAB007B14C2 /* NewsViewController.swift in Sources */,
				B94B7E6A28D70CD000873716 /* StockDetailsHeaderView.swift in Sources */,
				B9F34E7328A76FDA00BC6AF8 /* WatchlistTableViewCell.swift in Sources */,
				B9532FF5288D9C83006BCC49 /* HapticsManager.swift in Sources */,
				B950581F288E6FAE00F30903 /* SearchResultViewController.swift in Sources */,
				B95921BB289155740049CAC9 /* SearchResultTableViewCell.swift in Sources */,
				B993260E2893790D001C8766 /* APIKeys.swift in Sources */,
				B9B7AA912889AC92001AB447 /* WatchListViewController.swift in Sources */,
				B96C34F0289E3D3400E1C2A1 /* NewsStory.swift in Sources */,
				B90BDFA42897BB9700665D17 /* StockDetailsViewController.swift in Sources */,
				B952739E28B0C09100AB579D /* StockChartView.swift in Sources */,
				B9ED4FE0289F859A006755CD /* NewsStoryTableViewCell.swift in Sources */,
				B9532FF3288D3F8B006BCC49 /* PersistenceManager.swift in Sources */,
				B947A5E62894FEA00052038D /* SearchResponse.swift in Sources */,
				B96C34F2289EA55000E1C2A1 /* Extensions.swift in Sources */,
				B98BDA2F289C21CD008BB8A4 /* NewsHeaderView.swift in Sources */,
				B9B7AA8D2889AC92001AB447 /* AppDelegate.swift in Sources */,
				B9B7AA8F2889AC92001AB447 /* SceneDelegate.swift in Sources */,
				B987AD4528A668F500F733D5 /* MarketDataResponse.swift in Sources */,
				B9532FF1288D0401006BCC49 /* APICaller.swift in Sources */,
			);
			runOnlyForDeploymentPostprocessing = 0;
		};
/* End PBXSourcesBuildPhase section */

/* Begin PBXVariantGroup section */
		B9B7AA922889AC92001AB447 /* Main.storyboard */ = {
			isa = PBXVariantGroup;
			children = (
				B9B7AA932889AC92001AB447 /* Base */,
			);
			name = Main.storyboard;
			sourceTree = "<group>";
		};
		B9B7AA972889AC93001AB447 /* LaunchScreen.storyboard */ = {
			isa = PBXVariantGroup;
			children = (
				B9B7AA982889AC93001AB447 /* Base */,
			);
			name = LaunchScreen.storyboard;
			sourceTree = "<group>";
		};
/* End PBXVariantGroup section */

/* Begin XCBuildConfiguration section */
		B9B7AA9B2889AC93001AB447 /* Debug */ = {
			isa = XCBuildConfiguration;
			buildSettings = {
				ALWAYS_SEARCH_USER_PATHS = NO;
				CLANG_ANALYZER_NONNULL = YES;
				CLANG_ANALYZER_NUMBER_OBJECT_CONVERSION = YES_AGGRESSIVE;
				CLANG_CXX_LANGUAGE_STANDARD = "gnu++17";
				CLANG_ENABLE_MODULES = YES;
				CLANG_ENABLE_OBJC_ARC = YES;
				CLANG_ENABLE_OBJC_WEAK = YES;
				CLANG_WARN_BLOCK_CAPTURE_AUTORELEASING = YES;
				CLANG_WARN_BOOL_CONVERSION = YES;
				CLANG_WARN_COMMA = YES;
				CLANG_WARN_CONSTANT_CONVERSION = YES;
				CLANG_WARN_DEPRECATED_OBJC_IMPLEMENTATIONS = YES;
				CLANG_WARN_DIRECT_OBJC_ISA_USAGE = YES_ERROR;
				CLANG_WARN_DOCUMENTATION_COMMENTS = YES;
				CLANG_WARN_EMPTY_BODY = YES;
				CLANG_WARN_ENUM_CONVERSION = YES;
				CLANG_WARN_INFINITE_RECURSION = YES;
				CLANG_WARN_INT_CONVERSION = YES;
				CLANG_WARN_NON_LITERAL_NULL_CONVERSION = YES;
				CLANG_WARN_OBJC_IMPLICIT_RETAIN_SELF = YES;
				CLANG_WARN_OBJC_LITERAL_CONVERSION = YES;
				CLANG_WARN_OBJC_ROOT_CLASS = YES_ERROR;
				CLANG_WARN_QUOTED_INCLUDE_IN_FRAMEWORK_HEADER = YES;
				CLANG_WARN_RANGE_LOOP_ANALYSIS = YES;
				CLANG_WARN_STRICT_PROTOTYPES = YES;
				CLANG_WARN_SUSPICIOUS_MOVE = YES;
				CLANG_WARN_UNGUARDED_AVAILABILITY = YES_AGGRESSIVE;
				CLANG_WARN_UNREACHABLE_CODE = YES;
				CLANG_WARN__DUPLICATE_METHOD_MATCH = YES;
				COPY_PHASE_STRIP = NO;
				DEBUG_INFORMATION_FORMAT = dwarf;
				ENABLE_STRICT_OBJC_MSGSEND = YES;
				ENABLE_TESTABILITY = YES;
				GCC_C_LANGUAGE_STANDARD = gnu11;
				GCC_DYNAMIC_NO_PIC = NO;
				GCC_NO_COMMON_BLOCKS = YES;
				GCC_OPTIMIZATION_LEVEL = 0;
				GCC_PREPROCESSOR_DEFINITIONS = (
					"DEBUG=1",
					"$(inherited)",
				);
				GCC_WARN_64_TO_32_BIT_CONVERSION = YES;
				GCC_WARN_ABOUT_RETURN_TYPE = YES_ERROR;
				GCC_WARN_UNDECLARED_SELECTOR = YES;
				GCC_WARN_UNINITIALIZED_AUTOS = YES_AGGRESSIVE;
				GCC_WARN_UNUSED_FUNCTION = YES;
				GCC_WARN_UNUSED_VARIABLE = YES;
				IPHONEOS_DEPLOYMENT_TARGET = 16.0;
				MTL_ENABLE_DEBUG_INFO = INCLUDE_SOURCE;
				MTL_FAST_MATH = YES;
				ONLY_ACTIVE_ARCH = YES;
				SDKROOT = iphoneos;
				SWIFT_ACTIVE_COMPILATION_CONDITIONS = DEBUG;
				SWIFT_OPTIMIZATION_LEVEL = "-Onone";
			};
			name = Debug;
		};
		B9B7AA9C2889AC93001AB447 /* Release */ = {
			isa = XCBuildConfiguration;
			buildSettings = {
				ALWAYS_SEARCH_USER_PATHS = NO;
				CLANG_ANALYZER_NONNULL = YES;
				CLANG_ANALYZER_NUMBER_OBJECT_CONVERSION = YES_AGGRESSIVE;
				CLANG_CXX_LANGUAGE_STANDARD = "gnu++17";
				CLANG_ENABLE_MODULES = YES;
				CLANG_ENABLE_OBJC_ARC = YES;
				CLANG_ENABLE_OBJC_WEAK = YES;
				CLANG_WARN_BLOCK_CAPTURE_AUTORELEASING = YES;
				CLANG_WARN_BOOL_CONVERSION = YES;
				CLANG_WARN_COMMA = YES;
				CLANG_WARN_CONSTANT_CONVERSION = YES;
				CLANG_WARN_DEPRECATED_OBJC_IMPLEMENTATIONS = YES;
				CLANG_WARN_DIRECT_OBJC_ISA_USAGE = YES_ERROR;
				CLANG_WARN_DOCUMENTATION_COMMENTS = YES;
				CLANG_WARN_EMPTY_BODY = YES;
				CLANG_WARN_ENUM_CONVERSION = YES;
				CLANG_WARN_INFINITE_RECURSION = YES;
				CLANG_WARN_INT_CONVERSION = YES;
				CLANG_WARN_NON_LITERAL_NULL_CONVERSION = YES;
				CLANG_WARN_OBJC_IMPLICIT_RETAIN_SELF = YES;
				CLANG_WARN_OBJC_LITERAL_CONVERSION = YES;
				CLANG_WARN_OBJC_ROOT_CLASS = YES_ERROR;
				CLANG_WARN_QUOTED_INCLUDE_IN_FRAMEWORK_HEADER = YES;
				CLANG_WARN_RANGE_LOOP_ANALYSIS = YES;
				CLANG_WARN_STRICT_PROTOTYPES = YES;
				CLANG_WARN_SUSPICIOUS_MOVE = YES;
				CLANG_WARN_UNGUARDED_AVAILABILITY = YES_AGGRESSIVE;
				CLANG_WARN_UNREACHABLE_CODE = YES;
				CLANG_WARN__DUPLICATE_METHOD_MATCH = YES;
				COPY_PHASE_STRIP = NO;
				DEBUG_INFORMATION_FORMAT = "dwarf-with-dsym";
				ENABLE_NS_ASSERTIONS = NO;
				ENABLE_STRICT_OBJC_MSGSEND = YES;
				GCC_C_LANGUAGE_STANDARD = gnu11;
				GCC_NO_COMMON_BLOCKS = YES;
				GCC_WARN_64_TO_32_BIT_CONVERSION = YES;
				GCC_WARN_ABOUT_RETURN_TYPE = YES_ERROR;
				GCC_WARN_UNDECLARED_SELECTOR = YES;
				GCC_WARN_UNINITIALIZED_AUTOS = YES_AGGRESSIVE;
				GCC_WARN_UNUSED_FUNCTION = YES;
				GCC_WARN_UNUSED_VARIABLE = YES;
				IPHONEOS_DEPLOYMENT_TARGET = 16.0;
				MTL_ENABLE_DEBUG_INFO = NO;
				MTL_FAST_MATH = YES;
				SDKROOT = iphoneos;
				SWIFT_COMPILATION_MODE = wholemodule;
				SWIFT_OPTIMIZATION_LEVEL = "-O";
				VALIDATE_PRODUCT = YES;
			};
			name = Release;
		};
		B9B7AA9E2889AC93001AB447 /* Debug */ = {
			isa = XCBuildConfiguration;
			buildSettings = {
				ASSETCATALOG_COMPILER_APPICON_NAME = AppIcon;
				ASSETCATALOG_COMPILER_GLOBAL_ACCENT_COLOR_NAME = AccentColor;
				CODE_SIGN_STYLE = Automatic;
				CURRENT_PROJECT_VERSION = 1;
				DEVELOPMENT_TEAM = QD49F8UH37;
				GENERATE_INFOPLIST_FILE = YES;
				INFOPLIST_FILE = Stocks/Info.plist;
				INFOPLIST_KEY_UIApplicationSupportsIndirectInputEvents = YES;
				INFOPLIST_KEY_UILaunchStoryboardName = LaunchScreen;
				INFOPLIST_KEY_UIMainStoryboardFile = Main;
				INFOPLIST_KEY_UISupportedInterfaceOrientations_iPad = "UIInterfaceOrientationPortrait UIInterfaceOrientationPortraitUpsideDown UIInterfaceOrientationLandscapeLeft UIInterfaceOrientationLandscapeRight";
				INFOPLIST_KEY_UISupportedInterfaceOrientations_iPhone = "UIInterfaceOrientationPortrait UIInterfaceOrientationLandscapeLeft UIInterfaceOrientationLandscapeRight";
				LD_RUNPATH_SEARCH_PATHS = (
					"$(inherited)",
					"@executable_path/Frameworks",
				);
				MARKETING_VERSION = 1.0;
				PRODUCT_BUNDLE_IDENTIFIER = senlin.Stocks;
				PRODUCT_NAME = "$(TARGET_NAME)";
				SWIFT_EMIT_LOC_STRINGS = YES;
				SWIFT_VERSION = 5.0;
				TARGETED_DEVICE_FAMILY = "1,2";
			};
			name = Debug;
		};
		B9B7AA9F2889AC93001AB447 /* Release */ = {
			isa = XCBuildConfiguration;
			buildSettings = {
				ASSETCATALOG_COMPILER_APPICON_NAME = AppIcon;
				ASSETCATALOG_COMPILER_GLOBAL_ACCENT_COLOR_NAME = AccentColor;
				CODE_SIGN_STYLE = Automatic;
				CURRENT_PROJECT_VERSION = 1;
				DEVELOPMENT_TEAM = QD49F8UH37;
				GENERATE_INFOPLIST_FILE = YES;
				INFOPLIST_FILE = Stocks/Info.plist;
				INFOPLIST_KEY_UIApplicationSupportsIndirectInputEvents = YES;
				INFOPLIST_KEY_UILaunchStoryboardName = LaunchScreen;
				INFOPLIST_KEY_UIMainStoryboardFile = Main;
				INFOPLIST_KEY_UISupportedInterfaceOrientations_iPad = "UIInterfaceOrientationPortrait UIInterfaceOrientationPortraitUpsideDown UIInterfaceOrientationLandscapeLeft UIInterfaceOrientationLandscapeRight";
				INFOPLIST_KEY_UISupportedInterfaceOrientations_iPhone = "UIInterfaceOrientationPortrait UIInterfaceOrientationLandscapeLeft UIInterfaceOrientationLandscapeRight";
				LD_RUNPATH_SEARCH_PATHS = (
					"$(inherited)",
					"@executable_path/Frameworks",
				);
				MARKETING_VERSION = 1.0;
				PRODUCT_BUNDLE_IDENTIFIER = senlin.Stocks;
				PRODUCT_NAME = "$(TARGET_NAME)";
				SWIFT_EMIT_LOC_STRINGS = YES;
				SWIFT_VERSION = 5.0;
				TARGETED_DEVICE_FAMILY = "1,2";
			};
			name = Release;
		};
/* End XCBuildConfiguration section */

/* Begin XCConfigurationList section */
		B9B7AA842889AC92001AB447 /* Build configuration list for PBXProject "Stocks" */ = {
			isa = XCConfigurationList;
			buildConfigurations = (
				B9B7AA9B2889AC93001AB447 /* Debug */,
				B9B7AA9C2889AC93001AB447 /* Release */,
			);
			defaultConfigurationIsVisible = 0;
			defaultConfigurationName = Release;
		};
		B9B7AA9D2889AC93001AB447 /* Build configuration list for PBXNativeTarget "Stocks" */ = {
			isa = XCConfigurationList;
			buildConfigurations = (
				B9B7AA9E2889AC93001AB447 /* Debug */,
				B9B7AA9F2889AC93001AB447 /* Release */,
			);
			defaultConfigurationIsVisible = 0;
			defaultConfigurationName = Release;
		};
/* End XCConfigurationList section */

/* Begin XCRemoteSwiftPackageReference section */
		B902058128A0EBF400482C91 /* XCRemoteSwiftPackageReference "SDWebImage" */ = {
			isa = XCRemoteSwiftPackageReference;
			repositoryURL = "https://github.com/SDWebImage/SDWebImage.git";
			requirement = {
				branch = master;
				kind = branch;
			};
		};
		B98685AA289A3CE3007B14C2 /* XCRemoteSwiftPackageReference "FloatingPanel" */ = {
			isa = XCRemoteSwiftPackageReference;
			repositoryURL = "https://github.com/scenee/FloatingPanel";
			requirement = {
				kind = upToNextMajorVersion;
				minimumVersion = 2.0.0;
			};
		};
/* End XCRemoteSwiftPackageReference section */

/* Begin XCSwiftPackageProductDependency section */
		B902058228A0EBF400482C91 /* SDWebImage */ = {
			isa = XCSwiftPackageProductDependency;
			package = B902058128A0EBF400482C91 /* XCRemoteSwiftPackageReference "SDWebImage" */;
			productName = SDWebImage;
		};
		B98685AB289A3CE4007B14C2 /* FloatingPanel */ = {
			isa = XCSwiftPackageProductDependency;
			package = B98685AA289A3CE3007B14C2 /* XCRemoteSwiftPackageReference "FloatingPanel" */;
			productName = FloatingPanel;
		};
/* End XCSwiftPackageProductDependency section */
	};
	rootObject = B9B7AA812889AC92001AB447 /* Project object */;
}
